dependencies:
  adnan-saood/icm20948:
    component_hash: e407627404ca906610ca469852e1f7613dc417e0d580cd375c260ef8e2006d18
    dependencies:
    - name: idf
      version: '>=5.0'
    source:
      git: https://github.com/adnan-saood/icm20948.git
      path: .
      type: git
    version: f5f9ba84198936907e10762ec21ebb4201e0ec36
  espressif/esp_tinyusb:
    component_hash: 96d232ced7afe1976119b62f7fbf1944a2a78b36228ff6f7b9318394ac1153cc
    dependencies:
    - name: idf
      require: private
      version: '>=5.0'
    - name: espressif/tinyusb
      registry_url: https://components.espressif.com
      require: public
      version: '>=0.14.2'
    source:
      registry_url: https://components.espressif.com/
      type: service
    version: 1.7.6~1
  espressif/tinyusb:
    component_hash: aa65639878f27a44d349044afd9c3fc134a92bd560874fdac1d836019b5c07ca
    dependencies:
    - name: idf
      require: private
      version: '>=5.0'
    source:
      registry_url: https://components.espressif.com
      type: service
    targets:
    - esp32s2
    - esp32s3
    - esp32p4
    version: 0.18.0~4
  idf:
    source:
      type: idf
    version: 5.4.2
direct_dependencies:
- adnan-saood/icm20948
- espressif/esp_tinyusb
- idf
manifest_hash: 6603abc5abecb0e5324a4957d0ad369ab8de6e686e1ad9bd71af4e6d3900dfe3
target: esp32s3
version: 2.0.0
